
Microsoft Visual Studio Solution File, Format Version 12.00
# Visual Studio 2013
VisualStudioVersion = 12.0.21005.1
MinimumVisualStudioVersion = 10.0.40219.1
Project("{FAE04EC0-301F-11D3-BF4B-00C04F79EFBC}") = "WCFServices", "WCFServices\WCFServices.csproj", "{BAE25C8A-C673-4149-864F-78F9D9164A1F}"
EndProject
Project("{FAE04EC0-301F-11D3-BF4B-00C04F79EFBC}") = "WCFServicesTest", "WCFServicesTest\WCFServicesTest.csproj", "{B24D028E-209D-4788-ADC6-18B61A4636E2}"
	ProjectSection(ProjectDependencies) = postProject
		{BAE25C8A-C673-4149-864F-78F9D9164A1F} = {BAE25C8A-C673-4149-864F-78F9D9164A1F}
	EndProjectSection
EndProject
Project("{FAE04EC0-301F-11D3-BF4B-00C04F79EFBC}") = "GestionTicket", "GestionTicket\GestionTicket.csproj", "{DD03C469-86EC-44F7-BFF9-F8E37517B1A9}"
EndProject
Global
	GlobalSection(SolutionConfigurationPlatforms) = preSolution
		Debug|Any CPU = Debug|Any CPU
		Release|Any CPU = Release|Any CPU
	EndGlobalSection
	GlobalSection(ProjectConfigurationPlatforms) = postSolution
		{BAE25C8A-C673-4149-864F-78F9D9164A1F}.Debug|Any CPU.ActiveCfg = Debug|Any CPU
		{BAE25C8A-C673-4149-864F-78F9D9164A1F}.Debug|Any CPU.Build.0 = Debug|Any CPU
		{BAE25C8A-C673-4149-864F-78F9D9164A1F}.Release|Any CPU.ActiveCfg = Release|Any CPU
		{BAE25C8A-C673-4149-864F-78F9D9164A1F}.Release|Any CPU.Build.0 = Release|Any CPU
		{B24D028E-209D-4788-ADC6-18B61A4636E2}.Debug|Any CPU.ActiveCfg = Debug|Any CPU
		{B24D028E-209D-4788-ADC6-18B61A4636E2}.Debug|Any CPU.Build.0 = Debug|Any CPU
		{B24D028E-209D-4788-ADC6-18B61A4636E2}.Release|Any CPU.ActiveCfg = Release|Any CPU
		{B24D028E-209D-4788-ADC6-18B61A4636E2}.Release|Any CPU.Build.0 = Release|Any CPU
		{DD03C469-86EC-44F7-BFF9-F8E37517B1A9}.Debug|Any CPU.ActiveCfg = Debug|Any CPU
		{DD03C469-86EC-44F7-BFF9-F8E37517B1A9}.Debug|Any CPU.Build.0 = Debug|Any CPU
		{DD03C469-86EC-44F7-BFF9-F8E37517B1A9}.Release|Any CPU.ActiveCfg = Release|Any CPU
		{DD03C469-86EC-44F7-BFF9-F8E37517B1A9}.Release|Any CPU.Build.0 = Release|Any CPU
	EndGlobalSection
	GlobalSection(SolutionProperties) = preSolution
		HideSolutionNode = FALSE
	EndGlobalSection
EndGlobal
